// !$*UTF8*$!
{
	archiveVersion = 1;
	classes = {
	};
	objectVersion = 77;
	objects = {

/* Begin PBXContainerItemProxy section */
		6301AFAF2DE886C000A64697 /* PBXContainerItemProxy */ = {
			isa = PBXContainerItemProxy;
			containerPortal = 6301AF912DE886BF00A64697 /* Project object */;
			proxyType = 1;
			remoteGlobalIDString = 6301AF982DE886BF00A64697;
			remoteInfo = Zone2Be;
		};
		6301AFB92DE886C000A64697 /* PBXContainerItemProxy */ = {
			isa = PBXContainerItemProxy;
			containerPortal = 6301AF912DE886BF00A64697 /* Project object */;
			proxyType = 1;
			remoteGlobalIDString = 6301AF982DE886BF00A64697;
			remoteInfo = Zone2Be;
		};
/* End PBXContainerItemProxy section */

/* Begin PBXFileReference section */
		6301AF992DE886BF00A64697 /* Zone2Be.app */ = {isa = PBXFileReference; explicitFileType = wrapper.application; includeInIndex = 0; path = Zone2Be.app; sourceTree = BUILT_PRODUCTS_DIR; };
		6301AFAE2DE886C000A64697 /* Zone2BeTests.xctest */ = {isa = PBXFileReference; explicitFileType = wrapper.cfbundle; includeInIndex = 0; path = Zone2BeTests.xctest; sourceTree = BUILT_PRODUCTS_DIR; };
		6301AFB82DE886C000A64697 /* Zone2BeUITests.xctest */ = {isa = PBXFileReference; explicitFileType = wrapper.cfbundle; includeInIndex = 0; path = Zone2BeUITests.xctest; sourceTree = BUILT_PRODUCTS_DIR; };
/* End PBXFileReference section */

/* Begin PBXFileSystemSynchronizedRootGroup section */
		6301AF9B2DE886BF00A64697 /* Zone2Be */ = {
			isa = PBXFileSystemSynchronizedRootGroup;
			path = Zone2Be;
			sourceTree = "<group>";
		};
		6301AFB12DE886C000A64697 /* Zone2BeTests */ = {
			isa = PBXFileSystemSynchronizedRootGroup;
			path = Zone2BeTests;
			sourceTree = "<group>";
		};
		6301AFBB2DE886C000A64697 /* Zone2BeUITests */ = {
			isa = PBXFileSystemSynchronizedRootGroup;
			path = Zone2BeUITests;
			sourceTree = "<group>";
		};
/* End PBXFileSystemSynchronizedRootGroup section */

/* Begin PBXFrameworksBuildPhase section */
		6301AF962DE886BF00A64697 /* Frameworks */ = {
			isa = PBXFrameworksBuildPhase;
			buildActionMask = 2147483647;
			files = (
			);
			runOnlyForDeploymentPostprocessing = 0;
		};
		6301AFAB2DE886C000A64697 /* Frameworks */ = {
			isa = PBXFrameworksBuildPhase;
			buildActionMask = 2147483647;
			files = (
			);
			runOnlyForDeploymentPostprocessing = 0;
		};
		6301AFB52DE886C000A64697 /* Frameworks */ = {
			isa = PBXFrameworksBuildPhase;
			buildActionMask = 2147483647;
			files = (
			);
			runOnlyForDeploymentPostprocessing = 0;
		};
/* End PBXFrameworksBuildPhase section */

/* Begin PBXGroup section */
		6301AF902DE886BF00A64697 = {
			isa = PBXGroup;
			children = (
				6301AF9B2DE886BF00A64697 /* Zone2Be */,
				6301AFB12DE886C000A64697 /* Zone2BeTests */,
				6301AFBB2DE886C000A64697 /* Zone2BeUITests */,
				6301AF9A2DE886BF00A64697 /* Products */,
			);
			sourceTree = "<group>";
		};
		6301AF9A2DE886BF00A64697 /* Products */ = {
			isa = PBXGroup;
			children = (
				6301AF992DE886BF00A64697 /* Zone2Be.app */,
				6301AFAE2DE886C000A64697 /* Zone2BeTests.xctest */,
				6301AFB82DE886C000A64697 /* Zone2BeUITests.xctest */,
			);
			name = Products;
			sourceTree = "<group>";
		};
/* End PBXGroup section */

/* Begin PBXNativeTarget section */
		6301AF982DE886BF00A64697 /* Zone2Be */ = {
			isa = PBXNativeTarget;
			buildConfigurationList = 6301AFC22DE886C000A64697 /* Build configuration list for PBXNativeTarget "Zone2Be" */;
			buildPhases = (
				6301AF952DE886BF00A64697 /* Sources */,
				6301AF962DE886BF00A64697 /* Frameworks */,
				6301AF972DE886BF00A64697 /* Resources */,
			);
			buildRules = (
			);
			dependencies = (
			);
			fileSystemSynchronizedGroups = (
				6301AF9B2DE886BF00A64697 /* Zone2Be */,
			);
			name = Zone2Be;
			packageProductDependencies = (
			);
			productName = Zone2Be;
			productReference = 6301AF992DE886BF00A64697 /* Zone2Be.app */;
			productType = "com.apple.product-type.application";
		};
		6301AFAD2DE886C000A64697 /* Zone2BeTests */ = {
			isa = PBXNativeTarget;
			buildConfigurationList = 6301AFC52DE886C000A64697 /* Build configuration list for PBXNativeTarget "Zone2BeTests" */;
			buildPhases = (
				6301AFAA2DE886C000A64697 /* Sources */,
				6301AFAB2DE886C000A64697 /* Frameworks */,
				6301AFAC2DE886C000A64697 /* Resources */,
			);
			buildRules = (
			);
			dependencies = (
				6301AFB02DE886C000A64697 /* PBXTargetDependency */,
			);
			fileSystemSynchronizedGroups = (
				6301AFB12DE886C000A64697 /* Zone2BeTests */,
			);
			name = Zone2BeTests;
			packageProductDependencies = (
			);
			productName = Zone2BeTests;
			productReference = 6301AFAE2DE886C000A64697 /* Zone2BeTests.xctest */;
			productType = "com.apple.product-type.bundle.unit-test";
		};
		6301AFB72DE886C000A64697 /* Zone2BeUITests */ = {
			isa = PBXNativeTarget;
			buildConfigurationList = 6301AFC82DE886C000A64697 /* Build configuration list for PBXNativeTarget "Zone2BeUITests" */;
			buildPhases = (
				6301AFB42DE886C000A64697 /* Sources */,
				6301AFB52DE886C000A64697 /* Frameworks */,
				6301AFB62DE886C000A64697 /* Resources */,
			);
			buildRules = (
			);
			dependencies = (
				6301AFBA2DE886C000A64697 /* PBXTargetDependency */,
			);
			fileSystemSynchronizedGroups = (
				6301AFBB2DE886C000A64697 /* Zone2BeUITests */,
			);
			name = Zone2BeUITests;
			packageProductDependencies = (
			);
			productName = Zone2BeUITests;
			productReference = 6301AFB82DE886C000A64697 /* Zone2BeUITests.xctest */;
			productType = "com.apple.product-type.bundle.ui-testing";
		};
/* End PBXNativeTarget section */

/* Begin PBXProject section */
		6301AF912DE886BF00A64697 /* Project object */ = {
			isa = PBXProject;
			attributes = {
				BuildIndependentTargetsInParallel = 1;
				LastSwiftUpdateCheck = 1600;
				LastUpgradeCheck = 1600;
				TargetAttributes = {
					6301AF982DE886BF00A64697 = {
						CreatedOnToolsVersion = 16.0;
					};
					6301AFAD2DE886C000A64697 = {
						CreatedOnToolsVersion = 16.0;
						TestTargetID = 6301AF982DE886BF00A64697;
					};
					6301AFB72DE886C000A64697 = {
						CreatedOnToolsVersion = 16.0;
						TestTargetID = 6301AF982DE886BF00A64697;
					};
				};
			};
			buildConfigurationList = 6301AF942DE886BF00A64697 /* Build configuration list for PBXProject "Zone2Be" */;
			developmentRegion = en;
			hasScannedForEncodings = 0;
			knownRegions = (
				en,
				Base,
			);
			mainGroup = 6301AF902DE886BF00A64697;
			minimizedProjectReferenceProxies = 1;
			preferredProjectObjectVersion = 77;
			productRefGroup = 6301AF9A2DE886BF00A64697 /* Products */;
			projectDirPath = "";
			projectRoot = "";
			targets = (
				6301AF982DE886BF00A64697 /* Zone2Be */,
				6301AFAD2DE886C000A64697 /* Zone2BeTests */,
				6301AFB72DE886C000A64697 /* Zone2BeUITests */,
			);
		};
/* End PBXProject section */

/* Begin PBXResourcesBuildPhase section */
		6301AF972DE886BF00A64697 /* Resources */ = {
			isa = PBXResourcesBuildPhase;
			buildActionMask = 2147483647;
			files = (
			);
			runOnlyForDeploymentPostprocessing = 0;
		};
		6301AFAC2DE886C000A64697 /* Resources */ = {
			isa = PBXResourcesBuildPhase;
			buildActionMask = 2147483647;
			files = (
			);
			runOnlyForDeploymentPostprocessing = 0;
		};
		6301AFB62DE886C000A64697 /* Resources */ = {
			isa = PBXResourcesBuildPhase;
			buildActionMask = 2147483647;
			files = (
			);
			runOnlyForDeploymentPostprocessing = 0;
		};
/* End PBXResourcesBuildPhase section */

/* Begin PBXSourcesBuildPhase section */
		6301AF952DE886BF00A64697 /* Sources */ = {
			isa = PBXSourcesBuildPhase;
			buildActionMask = 2147483647;
			files = (
			);
			runOnlyForDeploymentPostprocessing = 0;
		};
		6301AFAA2DE886C000A64697 /* Sources */ = {
			isa = PBXSourcesBuildPhase;
			buildActionMask = 2147483647;
			files = (
			);
			runOnlyForDeploymentPostprocessing = 0;
		};
		6301AFB42DE886C000A64697 /* Sources */ = {
			isa = PBXSourcesBuildPhase;
			buildActionMask = 2147483647;
			files = (
			);
			runOnlyForDeploymentPostprocessing = 0;
		};
/* End PBXSourcesBuildPhase section */

/* Begin PBXTargetDependency section */
		6301AFB02DE886C000A64697 /* PBXTargetDependency */ = {
			isa = PBXTargetDependency;
			target = 6301AF982DE886BF00A64697 /* Zone2Be */;
			targetProxy = 6301AFAF2DE886C000A64697 /* PBXContainerItemProxy */;
		};
		6301AFBA2DE886C000A64697 /* PBXTargetDependency */ = {
			isa = PBXTargetDependency;
			target = 6301AF982DE886BF00A64697 /* Zone2Be */;
			targetProxy = 6301AFB92DE886C000A64697 /* PBXContainerItemProxy */;
		};
/* End PBXTargetDependency section */

/* Begin XCBuildConfiguration section */
		6301AFC02DE886C000A64697 /* Debug */ = {
			isa = XCBuildConfiguration;
			buildSettings = {
				ALWAYS_SEARCH_USER_PATHS = NO;
				ASSETCATALOG_COMPILER_GENERATE_SWIFT_ASSET_SYMBOL_EXTENSIONS = YES;
				CLANG_ANALYZER_NONNULL = YES;
				CLANG_ANALYZER_NUMBER_OBJECT_CONVERSION = YES_AGGRESSIVE;
				CLANG_CXX_LANGUAGE_STANDARD = "gnu++20";
				CLANG_ENABLE_MODULES = YES;
				CLANG_ENABLE_OBJC_ARC = YES;
				CLANG_ENABLE_OBJC_WEAK = YES;
				CLANG_WARN_BLOCK_CAPTURE_AUTORELEASING = YES;
				CLANG_WARN_BOOL_CONVERSION = YES;
				CLANG_WARN_COMMA = YES;
				CLANG_WARN_CONSTANT_CONVERSION = YES;
				CLANG_WARN_DEPRECATED_OBJC_IMPLEMENTATIONS = YES;
				CLANG_WARN_DIRECT_OBJC_ISA_USAGE = YES_ERROR;
				CLANG_WARN_DOCUMENTATION_COMMENTS = YES;
				CLANG_WARN_EMPTY_BODY = YES;
				CLANG_WARN_ENUM_CONVERSION = YES;
				CLANG_WARN_INFINITE_RECURSION = YES;
				CLANG_WARN_INT_CONVERSION = YES;
				CLANG_WARN_NON_LITERAL_NULL_CONVERSION = YES;
				CLANG_WARN_OBJC_IMPLICIT_RETAIN_SELF = YES;
				CLANG_WARN_OBJC_LITERAL_CONVERSION = YES;
				CLANG_WARN_OBJC_ROOT_CLASS = YES_ERROR;
				CLANG_WARN_QUOTED_INCLUDE_IN_FRAMEWORK_HEADER = YES;
				CLANG_WARN_RANGE_LOOP_ANALYSIS = YES;
				CLANG_WARN_STRICT_PROTOTYPES = YES;
				CLANG_WARN_SUSPICIOUS_MOVE = YES;
				CLANG_WARN_UNGUARDED_AVAILABILITY = YES_AGGRESSIVE;
				CLANG_WARN_UNREACHABLE_CODE = YES;
				CLANG_WARN__DUPLICATE_METHOD_MATCH = YES;
				COPY_PHASE_STRIP = NO;
				DEBUG_INFORMATION_FORMAT = dwarf;
				ENABLE_STRICT_OBJC_MSGSEND = YES;
				ENABLE_TESTABILITY = YES;
				ENABLE_USER_SCRIPT_SANDBOXING = YES;
				GCC_C_LANGUAGE_STANDARD = gnu17;
				GCC_DYNAMIC_NO_PIC = NO;
				GCC_NO_COMMON_BLOCKS = YES;
				GCC_OPTIMIZATION_LEVEL = 0;
				GCC_PREPROCESSOR_DEFINITIONS = (
					"DEBUG=1",
					"$(inherited)",
				);
				GCC_WARN_64_TO_32_BIT_CONVERSION = YES;
				GCC_WARN_ABOUT_RETURN_TYPE = YES_ERROR;
				GCC_WARN_UNDECLARED_SELECTOR = YES;
				GCC_WARN_UNINITIALIZED_AUTOS = YES_AGGRESSIVE;
				GCC_WARN_UNUSED_FUNCTION = YES;
				GCC_WARN_UNUSED_VARIABLE = YES;
				IPHONEOS_DEPLOYMENT_TARGET = 18.0;
				LOCALIZATION_PREFERS_STRING_CATALOGS = YES;
				MTL_ENABLE_DEBUG_INFO = INCLUDE_SOURCE;
				MTL_FAST_MATH = YES;
				ONLY_ACTIVE_ARCH = YES;
				SDKROOT = iphoneos;
				SWIFT_ACTIVE_COMPILATION_CONDITIONS = "DEBUG $(inherited)";
				SWIFT_OPTIMIZATION_LEVEL = "-Onone";
			};
			name = Debug;
		};
		6301AFC12DE886C000A64697 /* Release */ = {
			isa = XCBuildConfiguration;
			buildSettings = {
				ALWAYS_SEARCH_USER_PATHS = NO;
				ASSETCATALOG_COMPILER_GENERATE_SWIFT_ASSET_SYMBOL_EXTENSIONS = YES;
				CLANG_ANALYZER_NONNULL = YES;
				CLANG_ANALYZER_NUMBER_OBJECT_CONVERSION = YES_AGGRESSIVE;
				CLANG_CXX_LANGUAGE_STANDARD = "gnu++20";
				CLANG_ENABLE_MODULES = YES;
				CLANG_ENABLE_OBJC_ARC = YES;
				CLANG_ENABLE_OBJC_WEAK = YES;
				CLANG_WARN_BLOCK_CAPTURE_AUTORELEASING = YES;
				CLANG_WARN_BOOL_CONVERSION = YES;
				CLANG_WARN_COMMA = YES;
				CLANG_WARN_CONSTANT_CONVERSION = YES;
				CLANG_WARN_DEPRECATED_OBJC_IMPLEMENTATIONS = YES;
				CLANG_WARN_DIRECT_OBJC_ISA_USAGE = YES_ERROR;
				CLANG_WARN_DOCUMENTATION_COMMENTS = YES;
				CLANG_WARN_EMPTY_BODY = YES;
				CLANG_WARN_ENUM_CONVERSION = YES;
				CLANG_WARN_INFINITE_RECURSION = YES;
				CLANG_WARN_INT_CONVERSION = YES;
				CLANG_WARN_NON_LITERAL_NULL_CONVERSION = YES;
				CLANG_WARN_OBJC_IMPLICIT_RETAIN_SELF = YES;
				CLANG_WARN_OBJC_LITERAL_CONVERSION = YES;
				CLANG_WARN_OBJC_ROOT_CLASS = YES_ERROR;
				CLANG_WARN_QUOTED_INCLUDE_IN_FRAMEWORK_HEADER = YES;
				CLANG_WARN_RANGE_LOOP_ANALYSIS = YES;
				CLANG_WARN_STRICT_PROTOTYPES = YES;
				CLANG_WARN_SUSPICIOUS_MOVE = YES;
				CLANG_WARN_UNGUARDED_AVAILABILITY = YES_AGGRESSIVE;
				CLANG_WARN_UNREACHABLE_CODE = YES;
				CLANG_WARN__DUPLICATE_METHOD_MATCH = YES;
				COPY_PHASE_STRIP = NO;
				DEBUG_INFORMATION_FORMAT = "dwarf-with-dsym";
				ENABLE_NS_ASSERTIONS = NO;
				ENABLE_STRICT_OBJC_MSGSEND = YES;
				ENABLE_USER_SCRIPT_SANDBOXING = YES;
				GCC_C_LANGUAGE_STANDARD = gnu17;
				GCC_NO_COMMON_BLOCKS = YES;
				GCC_WARN_64_TO_32_BIT_CONVERSION = YES;
				GCC_WARN_ABOUT_RETURN_TYPE = YES_ERROR;
				GCC_WARN_UNDECLARED_SELECTOR = YES;
				GCC_WARN_UNINITIALIZED_AUTOS = YES_AGGRESSIVE;
				GCC_WARN_UNUSED_FUNCTION = YES;
				GCC_WARN_UNUSED_VARIABLE = YES;
				IPHONEOS_DEPLOYMENT_TARGET = 18.0;
				LOCALIZATION_PREFERS_STRING_CATALOGS = YES;
				MTL_ENABLE_DEBUG_INFO = NO;
				MTL_FAST_MATH = YES;
				SDKROOT = iphoneos;
				SWIFT_COMPILATION_MODE = wholemodule;
				VALIDATE_PRODUCT = YES;
			};
			name = Release;
		};
		6301AFC32DE886C000A64697 /* Debug */ = {
			isa = XCBuildConfiguration;
			buildSettings = {
				ASSETCATALOG_COMPILER_APPICON_NAME = AppIcon;
				ASSETCATALOG_COMPILER_GLOBAL_ACCENT_COLOR_NAME = AccentColor;
				CODE_SIGN_STYLE = Automatic;
				CURRENT_PROJECT_VERSION = 1;
				DEVELOPMENT_ASSET_PATHS = "\"Zone2Be/Preview Content\"";
				DEVELOPMENT_TEAM = 9N55W89W4U;
				ENABLE_PREVIEWS = YES;
				GENERATE_INFOPLIST_FILE = YES;
				INFOPLIST_KEY_UIApplicationSceneManifest_Generation = YES;
				INFOPLIST_KEY_UIApplicationSupportsIndirectInputEvents = YES;
				INFOPLIST_KEY_UILaunchScreen_Generation = YES;
				INFOPLIST_KEY_UISupportedInterfaceOrientations_iPad = "UIInterfaceOrientationPortrait UIInterfaceOrientationPortraitUpsideDown UIInterfaceOrientationLandscapeLeft UIInterfaceOrientationLandscapeRight";
				INFOPLIST_KEY_UISupportedInterfaceOrientations_iPhone = "UIInterfaceOrientationPortrait UIInterfaceOrientationLandscapeLeft UIInterfaceOrientationLandscapeRight";
				LD_RUNPATH_SEARCH_PATHS = (
					"$(inherited)",
					"@executable_path/Frameworks",
				);
				MARKETING_VERSION = 1.0;
				PRODUCT_BUNDLE_IDENTIFIER = sixmen.Zone2Be;
				PRODUCT_NAME = "$(TARGET_NAME)";
				SWIFT_EMIT_LOC_STRINGS = YES;
				SWIFT_VERSION = 5.0;
				TARGETED_DEVICE_FAMILY = "1,2";
			};
			name = Debug;
		};
		6301AFC42DE886C000A64697 /* Release */ = {
			isa = XCBuildConfiguration;
			buildSettings = {
				ASSETCATALOG_COMPILER_APPICON_NAME = AppIcon;
				ASSETCATALOG_COMPILER_GLOBAL_ACCENT_COLOR_NAME = AccentColor;
				CODE_SIGN_STYLE = Automatic;
				CURRENT_PROJECT_VERSION = 1;
				DEVELOPMENT_ASSET_PATHS = "\"Zone2Be/Preview Content\"";
				DEVELOPMENT_TEAM = 9N55W89W4U;
				ENABLE_PREVIEWS = YES;
				GENERATE_INFOPLIST_FILE = YES;
				INFOPLIST_KEY_UIApplicationSceneManifest_Generation = YES;
				INFOPLIST_KEY_UIApplicationSupportsIndirectInputEvents = YES;
				INFOPLIST_KEY_UILaunchScreen_Generation = YES;
				INFOPLIST_KEY_UISupportedInterfaceOrientations_iPad = "UIInterfaceOrientationPortrait UIInterfaceOrientationPortraitUpsideDown UIInterfaceOrientationLandscapeLeft UIInterfaceOrientationLandscapeRight";
				INFOPLIST_KEY_UISupportedInterfaceOrientations_iPhone = "UIInterfaceOrientationPortrait UIInterfaceOrientationLandscapeLeft UIInterfaceOrientationLandscapeRight";
				LD_RUNPATH_SEARCH_PATHS = (
					"$(inherited)",
					"@executable_path/Frameworks",
				);
				MARKETING_VERSION = 1.0;
				PRODUCT_BUNDLE_IDENTIFIER = sixmen.Zone2Be;
				PRODUCT_NAME = "$(TARGET_NAME)";
				SWIFT_EMIT_LOC_STRINGS = YES;
				SWIFT_VERSION = 5.0;
				TARGETED_DEVICE_FAMILY = "1,2";
			};
			name = Release;
		};
		6301AFC62DE886C000A64697 /* Debug */ = {
			isa = XCBuildConfiguration;
			buildSettings = {
				BUNDLE_LOADER = "$(TEST_HOST)";
				CODE_SIGN_STYLE = Automatic;
				CURRENT_PROJECT_VERSION = 1;
				DEVELOPMENT_TEAM = 9N55W89W4U;
				GENERATE_INFOPLIST_FILE = YES;
				IPHONEOS_DEPLOYMENT_TARGET = 18.0;
				MARKETING_VERSION = 1.0;
				PRODUCT_BUNDLE_IDENTIFIER = sixmen.Zone2BeTests;
				PRODUCT_NAME = "$(TARGET_NAME)";
				SWIFT_EMIT_LOC_STRINGS = NO;
				SWIFT_VERSION = 5.0;
				TARGETED_DEVICE_FAMILY = "1,2";
				TEST_HOST = "$(BUILT_PRODUCTS_DIR)/Zone2Be.app/$(BUNDLE_EXECUTABLE_FOLDER_PATH)/Zone2Be";
			};
			name = Debug;
		};
		6301AFC72DE886C000A64697 /* Release */ = {
			isa = XCBuildConfiguration;
			buildSettings = {
				BUNDLE_LOADER = "$(TEST_HOST)";
				CODE_SIGN_STYLE = Automatic;
				CURRENT_PROJECT_VERSION = 1;
				DEVELOPMENT_TEAM = 9N55W89W4U;
				GENERATE_INFOPLIST_FILE = YES;
				IPHONEOS_DEPLOYMENT_TARGET = 18.0;
				MARKETING_VERSION = 1.0;
				PRODUCT_BUNDLE_IDENTIFIER = sixmen.Zone2BeTests;
				PRODUCT_NAME = "$(TARGET_NAME)";
				SWIFT_EMIT_LOC_STRINGS = NO;
				SWIFT_VERSION = 5.0;
				TARGETED_DEVICE_FAMILY = "1,2";
				TEST_HOST = "$(BUILT_PRODUCTS_DIR)/Zone2Be.app/$(BUNDLE_EXECUTABLE_FOLDER_PATH)/Zone2Be";
			};
			name = Release;
		};
		6301AFC92DE886C000A64697 /* Debug */ = {
			isa = XCBuildConfiguration;
			buildSettings = {
				CODE_SIGN_STYLE = Automatic;
				CURRENT_PROJECT_VERSION = 1;
				DEVELOPMENT_TEAM = 9N55W89W4U;
				GENERATE_INFOPLIST_FILE = YES;
				MARKETING_VERSION = 1.0;
				PRODUCT_BUNDLE_IDENTIFIER = sixmen.Zone2BeUITests;
				PRODUCT_NAME = "$(TARGET_NAME)";
				SWIFT_EMIT_LOC_STRINGS = NO;
				SWIFT_VERSION = 5.0;
				TARGETED_DEVICE_FAMILY = "1,2";
				TEST_TARGET_NAME = Zone2Be;
			};
			name = Debug;
		};
		6301AFCA2DE886C000A64697 /* Release */ = {
			isa = XCBuildConfiguration;
			buildSettings = {
				CODE_SIGN_STYLE = Automatic;
				CURRENT_PROJECT_VERSION = 1;
				DEVELOPMENT_TEAM = 9N55W89W4U;
				GENERATE_INFOPLIST_FILE = YES;
				MARKETING_VERSION = 1.0;
				PRODUCT_BUNDLE_IDENTIFIER = sixmen.Zone2BeUITests;
				PRODUCT_NAME = "$(TARGET_NAME)";
				SWIFT_EMIT_LOC_STRINGS = NO;
				SWIFT_VERSION = 5.0;
				TARGETED_DEVICE_FAMILY = "1,2";
				TEST_TARGET_NAME = Zone2Be;
			};
			name = Release;
		};
/* End XCBuildConfiguration section */

/* Begin XCConfigurationList section */
		6301AF942DE886BF00A64697 /* Build configuration list for PBXProject "Zone2Be" */ = {
			isa = XCConfigurationList;
			buildConfigurations = (
				6301AFC02DE886C000A64697 /* Debug */,
				6301AFC12DE886C000A64697 /* Release */,
			);
			defaultConfigurationIsVisible = 0;
			defaultConfigurationName = Release;
		};
		6301AFC22DE886C000A64697 /* Build configuration list for PBXNativeTarget "Zone2Be" */ = {
			isa = XCConfigurationList;
			buildConfigurations = (
				6301AFC32DE886C000A64697 /* Debug */,
				6301AFC42DE886C000A64697 /* Release */,
			);
			defaultConfigurationIsVisible = 0;
			defaultConfigurationName = Release;
		};
		6301AFC52DE886C000A64697 /* Build configuration list for PBXNativeTarget "Zone2BeTests" */ = {
			isa = XCConfigurationList;
			buildConfigurations = (
				6301AFC62DE886C000A64697 /* Debug */,
				6301AFC72DE886C000A64697 /* Release */,
			);
			defaultConfigurationIsVisible = 0;
			defaultConfigurationName = Release;
		};
		6301AFC82DE886C000A64697 /* Build configuration list for PBXNativeTarget "Zone2BeUITests" */ = {
			isa = XCConfigurationList;
			buildConfigurations = (
				6301AFC92DE886C000A64697 /* Debug */,
				6301AFCA2DE886C000A64697 /* Release */,
			);
			defaultConfigurationIsVisible = 0;
			defaultConfigurationName = Release;
		};
/* End XCConfigurationList section */
	};
	rootObject = 6301AF912DE886BF00A64697 /* Project object */;
}
